{
  "version": 4,
  "terraform_version": "1.2.8",
  "serial": 3,
  "lineage": "b656b04c-fbb3-321c-aea8-86e800beb656",
  "outputs": {},
  "resources": [
    {
      "mode": "managed",
      "type": "azurerm_container_group",
      "name": "cg",
      "provider": "provider[\"registry.terraform.io/hashicorp/azurerm\"]",
      "instances": [
        {
          "schema_version": 0,
          "attributes": {
            "container": [
              {
                "commands": [],
                "cpu": 1,
                "environment_variables": null,
                "gpu": [],
                "image": "kingjac/speechapi",
                "liveness_probe": [],
                "memory": 1,
                "name": "speechapi",
                "ports": [
                  {
                    "port": 80,
                    "protocol": "TCP"
                  }
                ],
                "readiness_probe": [],
                "secure_environment_variables": null,
                "volume": []
              }
            ],
            "diagnostics": [],
            "dns_config": [],
            "dns_name_label": "kingjactfapi",
            "exposed_port": [
              {
                "port": 80,
                "protocol": "TCP"
              }
            ],
            "fqdn": "kingjactfapi.australiaeast.azurecontainer.io",
            "id": "/subscriptions/06ca18b1-9cf2-4b58-95e2-0bc8520a4b02/resourceGroups/TerraformSpeechAPI/providers/Microsoft.ContainerInstance/containerGroups/speechapi",
            "identity": [],
            "image_registry_credential": [],
            "ip_address": "20.248.218.33",
            "ip_address_type": "Public",
            "location": "australiaeast",
            "name": "speechapi",
            "network_profile_id": null,
            "os_type": "Linux",
            "resource_group_name": "TerraformSpeechAPI",
            "restart_policy": "Always",
            "tags": null,
            "timeouts": null
          },
          "sensitive_attributes": [],
          "private": "eyJlMmJmYjczMC1lY2FhLTExZTYtOGY4OC0zNDM2M2JjN2M0YzAiOnsiY3JlYXRlIjoxODAwMDAwMDAwMDAwLCJkZWxldGUiOjE4MDAwMDAwMDAwMDAsInJlYWQiOjMwMDAwMDAwMDAwMCwidXBkYXRlIjoxODAwMDAwMDAwMDAwfX0=",
          "dependencies": [
            "azurerm_resource_group.rg"
          ]
        }
      ]
    },
    {
      "mode": "managed",
      "type": "azurerm_resource_group",
      "name": "rg",
      "provider": "provider[\"registry.terraform.io/hashicorp/azurerm\"]",
      "instances": [
        {
          "schema_version": 0,
          "attributes": {
            "id": "/subscriptions/06ca18b1-9cf2-4b58-95e2-0bc8520a4b02/resourceGroups/TerraformSpeechAPI",
            "location": "australiaeast",
            "name": "TerraformSpeechAPI",
            "tags": {},
            "timeouts": null
          },
          "sensitive_attributes": [],
          "private": "eyJlMmJmYjczMC1lY2FhLTExZTYtOGY4OC0zNDM2M2JjN2M0YzAiOnsiY3JlYXRlIjo1NDAwMDAwMDAwMDAwLCJkZWxldGUiOjU0MDAwMDAwMDAwMDAsInJlYWQiOjMwMDAwMDAwMDAwMCwidXBkYXRlIjo1NDAwMDAwMDAwMDAwfX0="
        }
      ]
    }
  ]
}
